{
  "name": "corre-fution",
  "version": "1.0.0",
  "lockfileVersion": 1,
  "requires": true,
  "dependencies": {
    "@mikewesthad/dungeon": {
      "version": "1.2.2",
      "resolved": "https://registry.npmjs.org/@mikewesthad/dungeon/-/dungeon-1.2.2.tgz",
      "integrity": "sha512-SW7PaCRC5xET5HylxHYaPR2feGgctYnuBDE3QZvIVTbXCMZWhIdcrQi8F97VKt4et+2nc1/Gp5NxKUYIpNJHuw==",
      "requires": {
        "seedrandom": "^2.4.3"
      }
    },
    "eventemitter3": {
      "version": "3.1.0",
      "resolved": "https://registry.npmjs.org/eventemitter3/-/eventemitter3-3.1.0.tgz",
      "integrity": "sha512-ivIvhpq/Y0uSjcHDcOIccjmYjGLcP09MFGE7ysAwkAvkXfpZlC985pH2/ui64DKazbTW/4kN3yqozUxlXzI6cA=="
    },
    "phaser": {
      "version": "3.15.1",
      "resolved": "https://registry.npmjs.org/phaser/-/phaser-3.15.1.tgz",
      "integrity": "sha512-K2IaBziSW6OFyIkIFyJgBSi+kL1yip3gbL6TBsjzesJqLxP3o5+NwfPf6fqrQ4yxBYbbuKP2da5lsh5LFw7jXA==",
      "requires": {
        "eventemitter3": "^3.1.0"
      }
    },
    "seedrandom": {
      "version": "2.4.4",
      "resolved": "https://registry.npmjs.org/seedrandom/-/seedrandom-2.4.4.tgz",
      "integrity": "sha512-9A+PDmgm+2du77B5i0Ip2cxOqqHjgNxnBgglxLcX78A2D6c2rTo61z4jnVABpF4cKeDMDG+cmXXvdnqse2VqMA=="
    }
  }
}
